{
  "name": "@matthieucoder/splitstreamer-signaling",
  "version": "1.0.0",
  "lockfileVersion": 3,
  "requires": true,
  "packages": {
    "": {
      "name": "@matthieucoder/splitstreamer-signaling",
      "version": "1.0.0",
      "license": "ISC",
      "dependencies": {
        "cidr-tools": "^5.1.4",
        "nanoid": "^4.0.1",
        "ws": "^8.12.1"
      },
      "devDependencies": {
        "@types/ws": "^8.5.4",
        "typescript": "^4.9.5"
      }
    },
    "node_modules/@types/node": {
      "version": "18.14.6",
      "resolved": "https://registry.npmjs.org/@types/node/-/node-18.14.6.tgz",
      "integrity": "sha512-93+VvleD3mXwlLI/xASjw0FzKcwzl3OdTCzm1LaRfqgS21gfFtK3zDXM5Op9TeeMsJVOaJ2VRDpT9q4Y3d0AvA==",
      "dev": true
    },
    "node_modules/@types/ws": {
      "version": "8.5.4",
      "resolved": "https://registry.npmjs.org/@types/ws/-/ws-8.5.4.tgz",
      "integrity": "sha512-zdQDHKUgcX/zBc4GrwsE/7dVdAD8JR4EuiAXiiUhhfyIJXXb2+PrGshFyeXWQPMmmZ2XxgaqclgpIC7eTXc1mg==",
      "dev": true,
      "dependencies": {
        "@types/node": "*"
      }
    },
    "node_modules/cidr-regex": {
      "version": "4.0.2",
      "resolved": "https://registry.npmjs.org/cidr-regex/-/cidr-regex-4.0.2.tgz",
      "integrity": "sha512-xvqVyyE8emYjipWVxsA+Vcsbt8TbJJsTHbOeMMA5qsmXUu5VZJzNBGwI4rr1IZ0FQI2z7bfry4NNACP5Cf67CA==",
      "dependencies": {
        "ip-regex": "^5.0.0"
      },
      "engines": {
        "node": ">=14"
      }
    },
    "node_modules/cidr-tools": {
      "version": "5.1.4",
      "resolved": "https://registry.npmjs.org/cidr-tools/-/cidr-tools-5.1.4.tgz",
      "integrity": "sha512-B/bAEkLqIKjPq24m4htyDClMd+SODEOPEbqiA5mC3HoJsq+QAJfPJCd7ajhecE3fGY26dxj8AxAvNyFFZlPa/Q==",
      "dependencies": {
        "cidr-regex": "4.0.2",
        "ip-bigint": "6.0.0",
        "ip-regex": "5.0.0",
        "string-natural-compare": "3.0.1"
      },
      "engines": {
        "node": ">=14"
      }
    },
    "node_modules/ip-bigint": {
      "version": "6.0.0",
      "resolved": "https://registry.npmjs.org/ip-bigint/-/ip-bigint-6.0.0.tgz",
      "integrity": "sha512-68+9IteBghKVV49Aqw9Q5qnz4nF4wy1y63iN+DQSeJU75nO/NASEBFEg+mgfEK96p2m8yNWaFod4jP01pHObiw==",
      "engines": {
        "node": ">=14"
      }
    },
    "node_modules/ip-regex": {
      "version": "5.0.0",
      "resolved": "https://registry.npmjs.org/ip-regex/-/ip-regex-5.0.0.tgz",
      "integrity": "sha512-fOCG6lhoKKakwv+C6KdsOnGvgXnmgfmp0myi3bcNwj3qfwPAxRKWEuFhvEFF7ceYIz6+1jRZ+yguLFAmUNPEfw==",
      "engines": {
        "node": "^12.20.0 || ^14.13.1 || >=16.0.0"
      },
      "funding": {
        "url": "https://github.com/sponsors/sindresorhus"
      }
    },
    "node_modules/nanoid": {
      "version": "4.0.1",
      "resolved": "https://registry.npmjs.org/nanoid/-/nanoid-4.0.1.tgz",
      "integrity": "sha512-udKGtCCUafD3nQtJg9wBhRP3KMbPglUsgV5JVsXhvyBs/oefqb4sqMEhKBBgqZncYowu58p1prsZQBYvAj/Gww==",
      "bin": {
        "nanoid": "bin/nanoid.js"
      },
      "engines": {
        "node": "^14 || ^16 || >=18"
      }
    },
    "node_modules/string-natural-compare": {
      "version": "3.0.1",
      "resolved": "https://registry.npmjs.org/string-natural-compare/-/string-natural-compare-3.0.1.tgz",
      "integrity": "sha512-n3sPwynL1nwKi3WJ6AIsClwBMa0zTi54fn2oLU6ndfTSIO05xaznjSf15PcBZU6FNWbmN5Q6cxT4V5hGvB4taw=="
    },
    "node_modules/typescript": {
      "version": "4.9.5",
      "resolved": "https://registry.npmjs.org/typescript/-/typescript-4.9.5.tgz",
      "integrity": "sha512-1FXk9E2Hm+QzZQ7z+McJiHL4NW1F2EzMu9Nq9i3zAaGqibafqYwCVU6WyWAuyQRRzOlxou8xZSyXLEN8oKj24g==",
      "dev": true,
      "bin": {
        "tsc": "bin/tsc",
        "tsserver": "bin/tsserver"
      },
      "engines": {
        "node": ">=4.2.0"
      }
    },
    "node_modules/ws": {
      "version": "8.12.1",
      "resolved": "https://registry.npmjs.org/ws/-/ws-8.12.1.tgz",
      "integrity": "sha512-1qo+M9Ba+xNhPB+YTWUlK6M17brTut5EXbcBaMRN5pH5dFrXz7lzz1ChFSUq3bOUl8yEvSenhHmYUNJxFzdJew==",
      "engines": {
        "node": ">=10.0.0"
      },
      "peerDependencies": {
        "bufferutil": "^4.0.1",
        "utf-8-validate": ">=5.0.2"
      },
      "peerDependenciesMeta": {
        "bufferutil": {
          "optional": true
        },
        "utf-8-validate": {
          "optional": true
        }
      }
    }
  }
}
